
Microsoft Visual Studio Solution File, Format Version 12.00
# Visual Studio Version 17
VisualStudioVersion = 17.8.34330.188
MinimumVisualStudioVersion = 10.0.40219.1
Project("{FAE04EC0-301F-11D3-BF4B-00C04F79EFBC}") = "Persone_Form", "Persone_Form.csproj", "{B4B88962-6AE4-436E-8F42-9C75A278D522}"
EndProject
Global
	GlobalSection(SolutionConfigurationPlatforms) = preSolution
		Debug|Any CPU = Debug|Any CPU
		Release|Any CPU = Release|Any CPU
	EndGlobalSection
	GlobalSection(ProjectConfigurationPlatforms) = postSolution
		{B4B88962-6AE4-436E-8F42-9C75A278D522}.Debug|Any CPU.ActiveCfg = Debug|Any CPU
		{B4B88962-6AE4-436E-8F42-9C75A278D522}.Debug|Any CPU.Build.0 = Debug|Any CPU
		{B4B88962-6AE4-436E-8F42-9C75A278D522}.Release|Any CPU.ActiveCfg = Release|Any CPU
		{B4B88962-6AE4-436E-8F42-9C75A278D522}.Release|Any CPU.Build.0 = Release|Any CPU
	EndGlobalSection
	GlobalSection(SolutionProperties) = preSolution
		HideSolutionNode = FALSE
	EndGlobalSection
	GlobalSection(ExtensibilityGlobals) = postSolution
		SolutionGuid = {70465500-5752-4E35-B4C6-48C60E80A251}
	EndGlobalSection
EndGlobal
